
Microsoft Visual Studio Solution File, Format Version 12.00
# Visual Studio Version 17
VisualStudioVersion = 17.4.33213.308
MinimumVisualStudioVersion = 10.0.40219.1
Project("{FAE04EC0-301F-11D3-BF4B-00C04F79EFBC}") = "DesignPatterns.Memento", "DesignPatterns.Memento\DesignPatterns.Memento.csproj", "{6CD50EF4-BBCF-47E4-9BDE-AF6BAB9DD9AD}"
EndProject
Global
	GlobalSection(SolutionConfigurationPlatforms) = preSolution
		Debug|Any CPU = Debug|Any CPU
		Release|Any CPU = Release|Any CPU
	EndGlobalSection
	GlobalSection(ProjectConfigurationPlatforms) = postSolution
		{6CD50EF4-BBCF-47E4-9BDE-AF6BAB9DD9AD}.Debug|Any CPU.ActiveCfg = Debug|Any CPU
		{6CD50EF4-BBCF-47E4-9BDE-AF6BAB9DD9AD}.Debug|Any CPU.Build.0 = Debug|Any CPU
		{6CD50EF4-BBCF-47E4-9BDE-AF6BAB9DD9AD}.Release|Any CPU.ActiveCfg = Release|Any CPU
		{6CD50EF4-BBCF-47E4-9BDE-AF6BAB9DD9AD}.Release|Any CPU.Build.0 = Release|Any CPU
	EndGlobalSection
	GlobalSection(SolutionProperties) = preSolution
		HideSolutionNode = FALSE
	EndGlobalSection
	GlobalSection(ExtensibilityGlobals) = postSolution
		SolutionGuid = {E22C9C8C-E629-48FF-87B3-9515BF7BD904}
	EndGlobalSection
EndGlobal
